
Microsoft Visual Studio Solution File, Format Version 12.00
# Visual Studio 15
VisualStudioVersion = 15.0.28010.2036
MinimumVisualStudioVersion = 10.0.40219.1
Project("{9A19103F-16F7-4668-BE54-9A1E7A4F7556}") = "WebApi", "WebApi\WebApi.csproj", "{AC5D3666-099E-4FE5-BA04-84F41BE091B2}"
EndProject
Project("{9A19103F-16F7-4668-BE54-9A1E7A4F7556}") = "WebApiTests", "WebApiTests\WebApiTests.csproj", "{1DCF1982-89FE-4A26-A296-1DB3745E1FBF}"
EndProject
Global
	GlobalSection(SolutionConfigurationPlatforms) = preSolution
		Debug|Any CPU = Debug|Any CPU
		Release|Any CPU = Release|Any CPU
	EndGlobalSection
	GlobalSection(ProjectConfigurationPlatforms) = postSolution
		{AC5D3666-099E-4FE5-BA04-84F41BE091B2}.Debug|Any CPU.ActiveCfg = Debug|Any CPU
		{AC5D3666-099E-4FE5-BA04-84F41BE091B2}.Debug|Any CPU.Build.0 = Debug|Any CPU
		{AC5D3666-099E-4FE5-BA04-84F41BE091B2}.Release|Any CPU.ActiveCfg = Release|Any CPU
		{AC5D3666-099E-4FE5-BA04-84F41BE091B2}.Release|Any CPU.Build.0 = Release|Any CPU
		{1DCF1982-89FE-4A26-A296-1DB3745E1FBF}.Debug|Any CPU.ActiveCfg = Debug|Any CPU
		{1DCF1982-89FE-4A26-A296-1DB3745E1FBF}.Debug|Any CPU.Build.0 = Debug|Any CPU
		{1DCF1982-89FE-4A26-A296-1DB3745E1FBF}.Release|Any CPU.ActiveCfg = Release|Any CPU
		{1DCF1982-89FE-4A26-A296-1DB3745E1FBF}.Release|Any CPU.Build.0 = Release|Any CPU
	EndGlobalSection
	GlobalSection(SolutionProperties) = preSolution
		HideSolutionNode = FALSE
	EndGlobalSection
	GlobalSection(ExtensibilityGlobals) = postSolution
		SolutionGuid = {97536AB1-1257-4B70-BD36-B16800F8F910}
	EndGlobalSection
EndGlobal
